
Microsoft Visual Studio Solution File, Format Version 12.00
# Visual Studio Version 16
VisualStudioVersion = 16.0.29911.84
MinimumVisualStudioVersion = 10.0.40219.1
Project("{FAE04EC0-301F-11D3-BF4B-00C04F79EFBC}") = "OuthApp", "OuthApp\OuthApp.csproj", "{C8A5CF58-5628-446A-8A2C-7F84D38337FC}"
EndProject
Global
	GlobalSection(SolutionConfigurationPlatforms) = preSolution
		Debug|Any CPU = Debug|Any CPU
		Release|Any CPU = Release|Any CPU
	EndGlobalSection
	GlobalSection(ProjectConfigurationPlatforms) = postSolution
		{C8A5CF58-5628-446A-8A2C-7F84D38337FC}.Debug|Any CPU.ActiveCfg = Debug|Any CPU
		{C8A5CF58-5628-446A-8A2C-7F84D38337FC}.Debug|Any CPU.Build.0 = Debug|Any CPU
		{C8A5CF58-5628-446A-8A2C-7F84D38337FC}.Release|Any CPU.ActiveCfg = Release|Any CPU
		{C8A5CF58-5628-446A-8A2C-7F84D38337FC}.Release|Any CPU.Build.0 = Release|Any CPU
	EndGlobalSection
	GlobalSection(SolutionProperties) = preSolution
		HideSolutionNode = FALSE
	EndGlobalSection
	GlobalSection(ExtensibilityGlobals) = postSolution
		SolutionGuid = {58502709-2827-4907-87BF-776C492AA7BF}
	EndGlobalSection
EndGlobal
